
Microsoft Visual Studio Solution File, Format Version 12.00
# Visual Studio Version 16
VisualStudioVersion = 16.0.30225.117
MinimumVisualStudioVersion = 10.0.40219.1
Project("{FAE04EC0-301F-11D3-BF4B-00C04F79EFBC}") = "Verdun.Enterprise.Inventory", "Verdun.Enterprise.Inventory\Verdun.Enterprise.Inventory.csproj", "{75201DDC-2B17-4AF3-BCA1-28FAB0470FA9}"
EndProject
Global
	GlobalSection(SolutionConfigurationPlatforms) = preSolution
		Debug|Any CPU = Debug|Any CPU
		Release|Any CPU = Release|Any CPU
	EndGlobalSection
	GlobalSection(ProjectConfigurationPlatforms) = postSolution
		{75201DDC-2B17-4AF3-BCA1-28FAB0470FA9}.Debug|Any CPU.ActiveCfg = Debug|Any CPU
		{75201DDC-2B17-4AF3-BCA1-28FAB0470FA9}.Debug|Any CPU.Build.0 = Debug|Any CPU
		{75201DDC-2B17-4AF3-BCA1-28FAB0470FA9}.Release|Any CPU.ActiveCfg = Release|Any CPU
		{75201DDC-2B17-4AF3-BCA1-28FAB0470FA9}.Release|Any CPU.Build.0 = Release|Any CPU
	EndGlobalSection
	GlobalSection(SolutionProperties) = preSolution
		HideSolutionNode = FALSE
	EndGlobalSection
	GlobalSection(ExtensibilityGlobals) = postSolution
		SolutionGuid = {270BB334-9F66-44D4-9171-C134596009BF}
	EndGlobalSection
EndGlobal
